// !$*UTF8*$!
{
	archiveVersion = 1;
	classes = {
	};
	objectVersion = 50;
	objects = {

/* Begin PBXBuildFile section */
		32489CF824DE973F00FDA442 /* CustomImageView.swift in Sources */ = {isa = PBXBuildFile; fileRef = 32489CF724DE973F00FDA442 /* CustomImageView.swift */; };
		32489CFA24DECC1A00FDA442 /* PostTableTextViewCell.swift in Sources */ = {isa = PBXBuildFile; fileRef = 32489CF924DECC1900FDA442 /* PostTableTextViewCell.swift */; };
		32489CFD24DECF8A00FDA442 /* Int+ConvertStatistics.swift in Sources */ = {isa = PBXBuildFile; fileRef = 32489CFC24DECF8A00FDA442 /* Int+ConvertStatistics.swift */; };
		32489CFF24DED2EF00FDA442 /* DetailPostViewController.swift in Sources */ = {isa = PBXBuildFile; fileRef = 32489CFE24DED2EF00FDA442 /* DetailPostViewController.swift */; };
		3264396024DFE984006DA967 /* UIView+DisableAutorisizingMask.swift in Sources */ = {isa = PBXBuildFile; fileRef = 3264395F24DFE984006DA967 /* UIView+DisableAutorisizingMask.swift */; };
		326669D424E411B00020BC31 /* PostsHeaderTableView.swift in Sources */ = {isa = PBXBuildFile; fileRef = 326669D324E411B00020BC31 /* PostsHeaderTableView.swift */; };
		328710BA24DAA1C200DE8158 /* AppDelegate.swift in Sources */ = {isa = PBXBuildFile; fileRef = 328710B924DAA1C200DE8158 /* AppDelegate.swift */; };
		328710BE24DAA1C200DE8158 /* PostsViewModel.swift in Sources */ = {isa = PBXBuildFile; fileRef = 328710BD24DAA1C200DE8158 /* PostsViewModel.swift */; };
		328710C324DAA1C300DE8158 /* Assets.xcassets in Resources */ = {isa = PBXBuildFile; fileRef = 328710C224DAA1C300DE8158 /* Assets.xcassets */; };
		328710C624DAA1C300DE8158 /* LaunchScreen.storyboard in Resources */ = {isa = PBXBuildFile; fileRef = 328710C424DAA1C300DE8158 /* LaunchScreen.storyboard */; };
		328710CE24DAB5AC00DE8158 /* RequestsPostService.swift in Sources */ = {isa = PBXBuildFile; fileRef = 328710CD24DAB5AC00DE8158 /* RequestsPostService.swift */; };
		328710D124DAB60A00DE8158 /* PostData.swift in Sources */ = {isa = PBXBuildFile; fileRef = 328710D024DAB60A00DE8158 /* PostData.swift */; };
		32CFE73424DBF97F00706827 /* PostsFeed.swift in Sources */ = {isa = PBXBuildFile; fileRef = 32CFE73324DBF97F00706827 /* PostsFeed.swift */; };
		32CFE73624DC0CDC00706827 /* PostsViewController.swift in Sources */ = {isa = PBXBuildFile; fileRef = 32CFE73524DC0CDC00706827 /* PostsViewController.swift */; };
		32CFE73824DC22DD00706827 /* PostTableViewCell.swift in Sources */ = {isa = PBXBuildFile; fileRef = 32CFE73724DC22DD00706827 /* PostTableViewCell.swift */; };
/* End PBXBuildFile section */

/* Begin PBXFileReference section */
		32489CF724DE973F00FDA442 /* CustomImageView.swift */ = {isa = PBXFileReference; lastKnownFileType = sourcecode.swift; path = CustomImageView.swift; sourceTree = "<group>"; };
		32489CF924DECC1900FDA442 /* PostTableTextViewCell.swift */ = {isa = PBXFileReference; lastKnownFileType = sourcecode.swift; path = PostTableTextViewCell.swift; sourceTree = "<group>"; };
		32489CFC24DECF8A00FDA442 /* Int+ConvertStatistics.swift */ = {isa = PBXFileReference; lastKnownFileType = sourcecode.swift; path = "Int+ConvertStatistics.swift"; sourceTree = "<group>"; };
		32489CFE24DED2EF00FDA442 /* DetailPostViewController.swift */ = {isa = PBXFileReference; lastKnownFileType = sourcecode.swift; path = DetailPostViewController.swift; sourceTree = "<group>"; };
		3264395F24DFE984006DA967 /* UIView+DisableAutorisizingMask.swift */ = {isa = PBXFileReference; lastKnownFileType = sourcecode.swift; path = "UIView+DisableAutorisizingMask.swift"; sourceTree = "<group>"; };
		326669D324E411B00020BC31 /* PostsHeaderTableView.swift */ = {isa = PBXFileReference; lastKnownFileType = sourcecode.swift; path = PostsHeaderTableView.swift; sourceTree = "<group>"; };
		328710B624DAA1C200DE8158 /* PostsFeed.app */ = {isa = PBXFileReference; explicitFileType = wrapper.application; includeInIndex = 0; path = PostsFeed.app; sourceTree = BUILT_PRODUCTS_DIR; };
		328710B924DAA1C200DE8158 /* AppDelegate.swift */ = {isa = PBXFileReference; lastKnownFileType = sourcecode.swift; path = AppDelegate.swift; sourceTree = "<group>"; };
		328710BD24DAA1C200DE8158 /* PostsViewModel.swift */ = {isa = PBXFileReference; lastKnownFileType = sourcecode.swift; path = PostsViewModel.swift; sourceTree = "<group>"; };
		328710C224DAA1C300DE8158 /* Assets.xcassets */ = {isa = PBXFileReference; lastKnownFileType = folder.assetcatalog; path = Assets.xcassets; sourceTree = "<group>"; };
		328710C524DAA1C300DE8158 /* Base */ = {isa = PBXFileReference; lastKnownFileType = file.storyboard; name = Base; path = Base.lproj/LaunchScreen.storyboard; sourceTree = "<group>"; };
		328710C724DAA1C300DE8158 /* Info.plist */ = {isa = PBXFileReference; lastKnownFileType = text.plist.xml; path = Info.plist; sourceTree = "<group>"; };
		328710CD24DAB5AC00DE8158 /* RequestsPostService.swift */ = {isa = PBXFileReference; lastKnownFileType = sourcecode.swift; path = RequestsPostService.swift; sourceTree = "<group>"; };
		328710D024DAB60A00DE8158 /* PostData.swift */ = {isa = PBXFileReference; lastKnownFileType = sourcecode.swift; path = PostData.swift; sourceTree = "<group>"; };
		32CFE73324DBF97F00706827 /* PostsFeed.swift */ = {isa = PBXFileReference; lastKnownFileType = sourcecode.swift; path = PostsFeed.swift; sourceTree = "<group>"; };
		32CFE73524DC0CDC00706827 /* PostsViewController.swift */ = {isa = PBXFileReference; lastKnownFileType = sourcecode.swift; path = PostsViewController.swift; sourceTree = "<group>"; };
		32CFE73724DC22DD00706827 /* PostTableViewCell.swift */ = {isa = PBXFileReference; lastKnownFileType = sourcecode.swift; path = PostTableViewCell.swift; sourceTree = "<group>"; };
/* End PBXFileReference section */

/* Begin PBXFrameworksBuildPhase section */
		328710B324DAA1C200DE8158 /* Frameworks */ = {
			isa = PBXFrameworksBuildPhase;
			buildActionMask = 2147483647;
			files = (
			);
			runOnlyForDeploymentPostprocessing = 0;
		};
/* End PBXFrameworksBuildPhase section */

/* Begin PBXGroup section */
		32489CFB24DECF5000FDA442 /* Extensions */ = {
			isa = PBXGroup;
			children = (
				32489CFC24DECF8A00FDA442 /* Int+ConvertStatistics.swift */,
				3264395F24DFE984006DA967 /* UIView+DisableAutorisizingMask.swift */,
			);
			path = Extensions;
			sourceTree = "<group>";
		};
		3264396224DFEC28006DA967 /* PostsViewModel */ = {
			isa = PBXGroup;
			children = (
				328710BD24DAA1C200DE8158 /* PostsViewModel.swift */,
			);
			path = PostsViewModel;
			sourceTree = "<group>";
		};
		3264396624E036F3006DA967 /* TableViewCell */ = {
			isa = PBXGroup;
			children = (
				32489CF924DECC1900FDA442 /* PostTableTextViewCell.swift */,
				32CFE73724DC22DD00706827 /* PostTableViewCell.swift */,
			);
			path = TableViewCell;
			sourceTree = "<group>";
		};
		3264396724E037C3006DA967 /* PostsViewController */ = {
			isa = PBXGroup;
			children = (
				32CFE73524DC0CDC00706827 /* PostsViewController.swift */,
				326669D324E411B00020BC31 /* PostsHeaderTableView.swift */,
				32489CFE24DED2EF00FDA442 /* DetailPostViewController.swift */,
				3264396624E036F3006DA967 /* TableViewCell */,
			);
			path = PostsViewController;
			sourceTree = "<group>";
		};
		328710AD24DAA1C200DE8158 = {
			isa = PBXGroup;
			children = (
				328710B824DAA1C200DE8158 /* PostsFeed */,
				328710B724DAA1C200DE8158 /* Products */,
			);
			sourceTree = "<group>";
		};
		328710B724DAA1C200DE8158 /* Products */ = {
			isa = PBXGroup;
			children = (
				328710B624DAA1C200DE8158 /* PostsFeed.app */,
			);
			name = Products;
			sourceTree = "<group>";
		};
		328710B824DAA1C200DE8158 /* PostsFeed */ = {
			isa = PBXGroup;
			children = (
				328710B924DAA1C200DE8158 /* AppDelegate.swift */,
				32489CF724DE973F00FDA442 /* CustomImageView.swift */,
				3264396724E037C3006DA967 /* PostsViewController */,
				3264396224DFEC28006DA967 /* PostsViewModel */,
				328710CF24DAB5F000DE8158 /* Model */,
				328710D324DAB63600DE8158 /* Services */,
				32489CFB24DECF5000FDA442 /* Extensions */,
				328710C224DAA1C300DE8158 /* Assets.xcassets */,
				328710C424DAA1C300DE8158 /* LaunchScreen.storyboard */,
				328710C724DAA1C300DE8158 /* Info.plist */,
			);
			path = PostsFeed;
			sourceTree = "<group>";
		};
		328710CF24DAB5F000DE8158 /* Model */ = {
			isa = PBXGroup;
			children = (
				328710D024DAB60A00DE8158 /* PostData.swift */,
				32CFE73324DBF97F00706827 /* PostsFeed.swift */,
			);
			path = Model;
			sourceTree = "<group>";
		};
		328710D324DAB63600DE8158 /* Services */ = {
			isa = PBXGroup;
			children = (
				328710CD24DAB5AC00DE8158 /* RequestsPostService.swift */,
			);
			path = Services;
			sourceTree = "<group>";
		};
/* End PBXGroup section */

/* Begin PBXNativeTarget section */
		328710B524DAA1C200DE8158 /* PostsFeed */ = {
			isa = PBXNativeTarget;
			buildConfigurationList = 328710CA24DAA1C300DE8158 /* Build configuration list for PBXNativeTarget "PostsFeed" */;
			buildPhases = (
				328710B224DAA1C200DE8158 /* Sources */,
				328710B324DAA1C200DE8158 /* Frameworks */,
				328710B424DAA1C200DE8158 /* Resources */,
			);
			buildRules = (
			);
			dependencies = (
			);
			name = PostsFeed;
			productName = PostsFeed;
			productReference = 328710B624DAA1C200DE8158 /* PostsFeed.app */;
			productType = "com.apple.product-type.application";
		};
/* End PBXNativeTarget section */

/* Begin PBXProject section */
		328710AE24DAA1C200DE8158 /* Project object */ = {
			isa = PBXProject;
			attributes = {
				LastSwiftUpdateCheck = 1130;
				LastUpgradeCheck = 1130;
				ORGANIZATIONNAME = Dima;
				TargetAttributes = {
					328710B524DAA1C200DE8158 = {
						CreatedOnToolsVersion = 11.3;
					};
				};
			};
			buildConfigurationList = 328710B124DAA1C200DE8158 /* Build configuration list for PBXProject "PostsFeed" */;
			compatibilityVersion = "Xcode 9.3";
			developmentRegion = en;
			hasScannedForEncodings = 0;
			knownRegions = (
				en,
				Base,
			);
			mainGroup = 328710AD24DAA1C200DE8158;
			productRefGroup = 328710B724DAA1C200DE8158 /* Products */;
			projectDirPath = "";
			projectRoot = "";
			targets = (
				328710B524DAA1C200DE8158 /* PostsFeed */,
			);
		};
/* End PBXProject section */

/* Begin PBXResourcesBuildPhase section */
		328710B424DAA1C200DE8158 /* Resources */ = {
			isa = PBXResourcesBuildPhase;
			buildActionMask = 2147483647;
			files = (
				328710C624DAA1C300DE8158 /* LaunchScreen.storyboard in Resources */,
				328710C324DAA1C300DE8158 /* Assets.xcassets in Resources */,
			);
			runOnlyForDeploymentPostprocessing = 0;
		};
/* End PBXResourcesBuildPhase section */

/* Begin PBXSourcesBuildPhase section */
		328710B224DAA1C200DE8158 /* Sources */ = {
			isa = PBXSourcesBuildPhase;
			buildActionMask = 2147483647;
			files = (
				32CFE73824DC22DD00706827 /* PostTableViewCell.swift in Sources */,
				32489CF824DE973F00FDA442 /* CustomImageView.swift in Sources */,
				328710BE24DAA1C200DE8158 /* PostsViewModel.swift in Sources */,
				32CFE73624DC0CDC00706827 /* PostsViewController.swift in Sources */,
				32489CFA24DECC1A00FDA442 /* PostTableTextViewCell.swift in Sources */,
				32CFE73424DBF97F00706827 /* PostsFeed.swift in Sources */,
				328710BA24DAA1C200DE8158 /* AppDelegate.swift in Sources */,
				328710D124DAB60A00DE8158 /* PostData.swift in Sources */,
				328710CE24DAB5AC00DE8158 /* RequestsPostService.swift in Sources */,
				3264396024DFE984006DA967 /* UIView+DisableAutorisizingMask.swift in Sources */,
				32489CFD24DECF8A00FDA442 /* Int+ConvertStatistics.swift in Sources */,
				32489CFF24DED2EF00FDA442 /* DetailPostViewController.swift in Sources */,
				326669D424E411B00020BC31 /* PostsHeaderTableView.swift in Sources */,
			);
			runOnlyForDeploymentPostprocessing = 0;
		};
/* End PBXSourcesBuildPhase section */

/* Begin PBXVariantGroup section */
		328710C424DAA1C300DE8158 /* LaunchScreen.storyboard */ = {
			isa = PBXVariantGroup;
			children = (
				328710C524DAA1C300DE8158 /* Base */,
			);
			name = LaunchScreen.storyboard;
			sourceTree = "<group>";
		};
/* End PBXVariantGroup section */

/* Begin XCBuildConfiguration section */
		328710C824DAA1C300DE8158 /* Debug */ = {
			isa = XCBuildConfiguration;
			buildSettings = {
				ALWAYS_SEARCH_USER_PATHS = NO;
				CLANG_ANALYZER_NONNULL = YES;
				CLANG_ANALYZER_NUMBER_OBJECT_CONVERSION = YES_AGGRESSIVE;
				CLANG_CXX_LANGUAGE_STANDARD = "gnu++14";
				CLANG_CXX_LIBRARY = "libc++";
				CLANG_ENABLE_MODULES = YES;
				CLANG_ENABLE_OBJC_ARC = YES;
				CLANG_ENABLE_OBJC_WEAK = YES;
				CLANG_WARN_BLOCK_CAPTURE_AUTORELEASING = YES;
				CLANG_WARN_BOOL_CONVERSION = YES;
				CLANG_WARN_COMMA = YES;
				CLANG_WARN_CONSTANT_CONVERSION = YES;
				CLANG_WARN_DEPRECATED_OBJC_IMPLEMENTATIONS = YES;
				CLANG_WARN_DIRECT_OBJC_ISA_USAGE = YES_ERROR;
				CLANG_WARN_DOCUMENTATION_COMMENTS = YES;
				CLANG_WARN_EMPTY_BODY = YES;
				CLANG_WARN_ENUM_CONVERSION = YES;
				CLANG_WARN_INFINITE_RECURSION = YES;
				CLANG_WARN_INT_CONVERSION = YES;
				CLANG_WARN_NON_LITERAL_NULL_CONVERSION = YES;
				CLANG_WARN_OBJC_IMPLICIT_RETAIN_SELF = YES;
				CLANG_WARN_OBJC_LITERAL_CONVERSION = YES;
				CLANG_WARN_OBJC_ROOT_CLASS = YES_ERROR;
				CLANG_WARN_RANGE_LOOP_ANALYSIS = YES;
				CLANG_WARN_STRICT_PROTOTYPES = YES;
				CLANG_WARN_SUSPICIOUS_MOVE = YES;
				CLANG_WARN_UNGUARDED_AVAILABILITY = YES_AGGRESSIVE;
				CLANG_WARN_UNREACHABLE_CODE = YES;
				CLANG_WARN__DUPLICATE_METHOD_MATCH = YES;
				COPY_PHASE_STRIP = NO;
				DEBUG_INFORMATION_FORMAT = dwarf;
				ENABLE_STRICT_OBJC_MSGSEND = YES;
				ENABLE_TESTABILITY = YES;
				GCC_C_LANGUAGE_STANDARD = gnu11;
				GCC_DYNAMIC_NO_PIC = NO;
				GCC_NO_COMMON_BLOCKS = YES;
				GCC_OPTIMIZATION_LEVEL = 0;
				GCC_PREPROCESSOR_DEFINITIONS = (
					"DEBUG=1",
					"$(inherited)",
				);
				GCC_WARN_64_TO_32_BIT_CONVERSION = YES;
				GCC_WARN_ABOUT_RETURN_TYPE = YES_ERROR;
				GCC_WARN_UNDECLARED_SELECTOR = YES;
				GCC_WARN_UNINITIALIZED_AUTOS = YES_AGGRESSIVE;
				GCC_WARN_UNUSED_FUNCTION = YES;
				GCC_WARN_UNUSED_VARIABLE = YES;
				IPHONEOS_DEPLOYMENT_TARGET = 13.2;
				MTL_ENABLE_DEBUG_INFO = INCLUDE_SOURCE;
				MTL_FAST_MATH = YES;
				ONLY_ACTIVE_ARCH = YES;
				SDKROOT = iphoneos;
				SWIFT_ACTIVE_COMPILATION_CONDITIONS = DEBUG;
				SWIFT_OPTIMIZATION_LEVEL = "-Onone";
			};
			name = Debug;
		};
		328710C924DAA1C300DE8158 /* Release */ = {
			isa = XCBuildConfiguration;
			buildSettings = {
				ALWAYS_SEARCH_USER_PATHS = NO;
				CLANG_ANALYZER_NONNULL = YES;
				CLANG_ANALYZER_NUMBER_OBJECT_CONVERSION = YES_AGGRESSIVE;
				CLANG_CXX_LANGUAGE_STANDARD = "gnu++14";
				CLANG_CXX_LIBRARY = "libc++";
				CLANG_ENABLE_MODULES = YES;
				CLANG_ENABLE_OBJC_ARC = YES;
				CLANG_ENABLE_OBJC_WEAK = YES;
				CLANG_WARN_BLOCK_CAPTURE_AUTORELEASING = YES;
				CLANG_WARN_BOOL_CONVERSION = YES;
				CLANG_WARN_COMMA = YES;
				CLANG_WARN_CONSTANT_CONVERSION = YES;
				CLANG_WARN_DEPRECATED_OBJC_IMPLEMENTATIONS = YES;
				CLANG_WARN_DIRECT_OBJC_ISA_USAGE = YES_ERROR;
				CLANG_WARN_DOCUMENTATION_COMMENTS = YES;
				CLANG_WARN_EMPTY_BODY = YES;
				CLANG_WARN_ENUM_CONVERSION = YES;
				CLANG_WARN_INFINITE_RECURSION = YES;
				CLANG_WARN_INT_CONVERSION = YES;
				CLANG_WARN_NON_LITERAL_NULL_CONVERSION = YES;
				CLANG_WARN_OBJC_IMPLICIT_RETAIN_SELF = YES;
				CLANG_WARN_OBJC_LITERAL_CONVERSION = YES;
				CLANG_WARN_OBJC_ROOT_CLASS = YES_ERROR;
				CLANG_WARN_RANGE_LOOP_ANALYSIS = YES;
				CLANG_WARN_STRICT_PROTOTYPES = YES;
				CLANG_WARN_SUSPICIOUS_MOVE = YES;
				CLANG_WARN_UNGUARDED_AVAILABILITY = YES_AGGRESSIVE;
				CLANG_WARN_UNREACHABLE_CODE = YES;
				CLANG_WARN__DUPLICATE_METHOD_MATCH = YES;
				COPY_PHASE_STRIP = NO;
				DEBUG_INFORMATION_FORMAT = "dwarf-with-dsym";
				ENABLE_NS_ASSERTIONS = NO;
				ENABLE_STRICT_OBJC_MSGSEND = YES;
				GCC_C_LANGUAGE_STANDARD = gnu11;
				GCC_NO_COMMON_BLOCKS = YES;
				GCC_WARN_64_TO_32_BIT_CONVERSION = YES;
				GCC_WARN_ABOUT_RETURN_TYPE = YES_ERROR;
				GCC_WARN_UNDECLARED_SELECTOR = YES;
				GCC_WARN_UNINITIALIZED_AUTOS = YES_AGGRESSIVE;
				GCC_WARN_UNUSED_FUNCTION = YES;
				GCC_WARN_UNUSED_VARIABLE = YES;
				IPHONEOS_DEPLOYMENT_TARGET = 13.2;
				MTL_ENABLE_DEBUG_INFO = NO;
				MTL_FAST_MATH = YES;
				SDKROOT = iphoneos;
				SWIFT_COMPILATION_MODE = wholemodule;
				SWIFT_OPTIMIZATION_LEVEL = "-O";
				VALIDATE_PRODUCT = YES;
			};
			name = Release;
		};
		328710CB24DAA1C300DE8158 /* Debug */ = {
			isa = XCBuildConfiguration;
			buildSettings = {
				ASSETCATALOG_COMPILER_APPICON_NAME = AppIcon;
				CODE_SIGN_STYLE = Automatic;
				DEVELOPMENT_TEAM = G5L42RXF4Y;
				INFOPLIST_FILE = PostsFeed/Info.plist;
				LD_RUNPATH_SEARCH_PATHS = (
					"$(inherited)",
					"@executable_path/Frameworks",
				);
				PRODUCT_BUNDLE_IDENTIFIER = dimbeard.PostsFeed;
				PRODUCT_NAME = "$(TARGET_NAME)";
				SWIFT_VERSION = 5.0;
				TARGETED_DEVICE_FAMILY = "1,2";
			};
			name = Debug;
		};
		328710CC24DAA1C300DE8158 /* Release */ = {
			isa = XCBuildConfiguration;
			buildSettings = {
				ASSETCATALOG_COMPILER_APPICON_NAME = AppIcon;
				CODE_SIGN_STYLE = Automatic;
				DEVELOPMENT_TEAM = G5L42RXF4Y;
				INFOPLIST_FILE = PostsFeed/Info.plist;
				LD_RUNPATH_SEARCH_PATHS = (
					"$(inherited)",
					"@executable_path/Frameworks",
				);
				PRODUCT_BUNDLE_IDENTIFIER = dimbeard.PostsFeed;
				PRODUCT_NAME = "$(TARGET_NAME)";
				SWIFT_VERSION = 5.0;
				TARGETED_DEVICE_FAMILY = "1,2";
			};
			name = Release;
		};
/* End XCBuildConfiguration section */

/* Begin XCConfigurationList section */
		328710B124DAA1C200DE8158 /* Build configuration list for PBXProject "PostsFeed" */ = {
			isa = XCConfigurationList;
			buildConfigurations = (
				328710C824DAA1C300DE8158 /* Debug */,
				328710C924DAA1C300DE8158 /* Release */,
			);
			defaultConfigurationIsVisible = 0;
			defaultConfigurationName = Release;
		};
		328710CA24DAA1C300DE8158 /* Build configuration list for PBXNativeTarget "PostsFeed" */ = {
			isa = XCConfigurationList;
			buildConfigurations = (
				328710CB24DAA1C300DE8158 /* Debug */,
				328710CC24DAA1C300DE8158 /* Release */,
			);
			defaultConfigurationIsVisible = 0;
			defaultConfigurationName = Release;
		};
/* End XCConfigurationList section */
	};
	rootObject = 328710AE24DAA1C200DE8158 /* Project object */;
}
